
Microsoft Visual Studio Solution File, Format Version 12.00
# Visual Studio Version 16
VisualStudioVersion = 16.0.31205.134
MinimumVisualStudioVersion = 10.0.40219.1
Project("{FAE04EC0-301F-11D3-BF4B-00C04F79EFBC}") = "BackendDeveloperAssignment", "BackendDeveloperAssignment\BackendDeveloperAssignment.csproj", "{D151FD03-8CC7-4D8C-BE56-C3DC54E662DC}"
EndProject
Project("{FAE04EC0-301F-11D3-BF4B-00C04F79EFBC}") = "BackendDeveloperAssignment.UnitTests", "BackendDeveloperAssignment.UnitTests\BackendDeveloperAssignment.UnitTests.csproj", "{DC825676-EE7A-4413-B250-10B2FA8DE668}"
EndProject
Global
	GlobalSection(SolutionConfigurationPlatforms) = preSolution
		Debug|Any CPU = Debug|Any CPU
		Release|Any CPU = Release|Any CPU
	EndGlobalSection
	GlobalSection(ProjectConfigurationPlatforms) = postSolution
		{D151FD03-8CC7-4D8C-BE56-C3DC54E662DC}.Debug|Any CPU.ActiveCfg = Debug|Any CPU
		{D151FD03-8CC7-4D8C-BE56-C3DC54E662DC}.Debug|Any CPU.Build.0 = Debug|Any CPU
		{D151FD03-8CC7-4D8C-BE56-C3DC54E662DC}.Release|Any CPU.ActiveCfg = Release|Any CPU
		{D151FD03-8CC7-4D8C-BE56-C3DC54E662DC}.Release|Any CPU.Build.0 = Release|Any CPU
		{DC825676-EE7A-4413-B250-10B2FA8DE668}.Debug|Any CPU.ActiveCfg = Debug|Any CPU
		{DC825676-EE7A-4413-B250-10B2FA8DE668}.Debug|Any CPU.Build.0 = Debug|Any CPU
		{DC825676-EE7A-4413-B250-10B2FA8DE668}.Release|Any CPU.ActiveCfg = Release|Any CPU
		{DC825676-EE7A-4413-B250-10B2FA8DE668}.Release|Any CPU.Build.0 = Release|Any CPU
	EndGlobalSection
	GlobalSection(SolutionProperties) = preSolution
		HideSolutionNode = FALSE
	EndGlobalSection
	GlobalSection(ExtensibilityGlobals) = postSolution
		SolutionGuid = {7300E556-FC2C-4842-BC1C-5DA7D96D586E}
	EndGlobalSection
EndGlobal
